{
  "name": "tree-sitter-policyspace",
  "version": "1.0.0",
  "lockfileVersion": 1,
  "requires": true,
  "dependencies": {
    "nan": {
      "version": "2.14.0",
      "resolved": "https://registry.npmjs.org/nan/-/nan-2.14.0.tgz",
      "integrity": "sha512-INOFj37C7k3AfaNTtX8RhsTw7qRy7eLET14cROi9+5HAVbbHuIWUHEauBv5qT4Av2tWasiTY1Jw6puUNqRJXQg=="
    },
    "tree-sitter-cli": {
      "version": "0.16.3",
      "resolved": "https://registry.npmjs.org/tree-sitter-cli/-/tree-sitter-cli-0.16.3.tgz",
      "integrity": "sha512-ROcHN6ySkZV75zTrRaikOlI4l1V/yHdbTXQtrCmyMI9TTumaxB8c/6m/vzrmnbJiDs//XrfZqpBCcdYgdG9WeA==",
      "dev": true
    }
  }
}
